
Microsoft Visual Studio Solution File, Format Version 12.00
# Visual Studio 14
VisualStudioVersion = 14.0.25123.0
MinimumVisualStudioVersion = 10.0.40219.1
Project("{FAE04EC0-301F-11D3-BF4B-00C04F79EFBC}") = "NewsSite.Domain", "NewsSite.Domain\NewsSite.Domain.csproj", "{8482EF8F-59E4-4D6A-A123-8F9BABBFFAA3}"
EndProject
Project("{FAE04EC0-301F-11D3-BF4B-00C04F79EFBC}") = "NewsSite.DataAccess", "NewsSite.DataAccess\NewsSite.DataAccess.csproj", "{EBC9B843-7305-4106-A13F-E940042A5472}"
EndProject
Project("{FAE04EC0-301F-11D3-BF4B-00C04F79EFBC}") = "NewsSite.Common", "NewSite.Common\NewsSite.Common.csproj", "{A7301262-265A-4C52-A890-27DD2B92B79B}"
EndProject
Global
	GlobalSection(SolutionConfigurationPlatforms) = preSolution
		Debug|Any CPU = Debug|Any CPU
		Release|Any CPU = Release|Any CPU
	EndGlobalSection
	GlobalSection(ProjectConfigurationPlatforms) = postSolution
		{8482EF8F-59E4-4D6A-A123-8F9BABBFFAA3}.Debug|Any CPU.ActiveCfg = Debug|Any CPU
		{8482EF8F-59E4-4D6A-A123-8F9BABBFFAA3}.Debug|Any CPU.Build.0 = Debug|Any CPU
		{8482EF8F-59E4-4D6A-A123-8F9BABBFFAA3}.Release|Any CPU.ActiveCfg = Release|Any CPU
		{8482EF8F-59E4-4D6A-A123-8F9BABBFFAA3}.Release|Any CPU.Build.0 = Release|Any CPU
		{EBC9B843-7305-4106-A13F-E940042A5472}.Debug|Any CPU.ActiveCfg = Debug|Any CPU
		{EBC9B843-7305-4106-A13F-E940042A5472}.Debug|Any CPU.Build.0 = Debug|Any CPU
		{EBC9B843-7305-4106-A13F-E940042A5472}.Release|Any CPU.ActiveCfg = Release|Any CPU
		{EBC9B843-7305-4106-A13F-E940042A5472}.Release|Any CPU.Build.0 = Release|Any CPU
		{A7301262-265A-4C52-A890-27DD2B92B79B}.Debug|Any CPU.ActiveCfg = Debug|Any CPU
		{A7301262-265A-4C52-A890-27DD2B92B79B}.Debug|Any CPU.Build.0 = Debug|Any CPU
		{A7301262-265A-4C52-A890-27DD2B92B79B}.Release|Any CPU.ActiveCfg = Release|Any CPU
		{A7301262-265A-4C52-A890-27DD2B92B79B}.Release|Any CPU.Build.0 = Release|Any CPU
	EndGlobalSection
	GlobalSection(SolutionProperties) = preSolution
		HideSolutionNode = FALSE
	EndGlobalSection
EndGlobal
