
Microsoft Visual Studio Solution File, Format Version 12.00
# Visual Studio 14
VisualStudioVersion = 14.0.25123.0
MinimumVisualStudioVersion = 10.0.40219.1
Project("{FAE04EC0-301F-11D3-BF4B-00C04F79EFBC}") = "NewsSite.Domain", "NewsSite.Domain\NewsSite.Domain.csproj", "{8482EF8F-59E4-4D6A-A123-8F9BABBFFAA3}"
EndProject
Project("{FAE04EC0-301F-11D3-BF4B-00C04F79EFBC}") = "NewsSite.DataAccess", "NewsSite.DataAccess\NewsSite.DataAccess.csproj", "{EBC9B843-7305-4106-A13F-E940042A5472}"
EndProject
Project("{FAE04EC0-301F-11D3-BF4B-00C04F79EFBC}") = "NewsSite.Common", "NewSite.Common\NewsSite.Common.csproj", "{A7301262-265A-4C52-A890-27DD2B92B79B}"
EndProject
Project("{FAE04EC0-301F-11D3-BF4B-00C04F79EFBC}") = "NewsSite.Test", "NewsSite.Test\NewsSite.Test.csproj", "{CA3DEAA9-F005-4A8E-82F0-D756232ECB16}"
EndProject
Project("{FAE04EC0-301F-11D3-BF4B-00C04F79EFBC}") = "NewsSite.Application", "NewsSite.Application\NewsSite.Application.csproj", "{7030CFCA-3216-46C7-AAF7-F0A9D5A3A973}"
EndProject
Project("{FAE04EC0-301F-11D3-BF4B-00C04F79EFBC}") = "NewsSite.WebApplication", "NewsSite.WebApplication\NewsSite.WebApplication.csproj", "{08003D4F-8A51-4FCB-BD51-C6A20EC8F276}"
EndProject
Project("{FAE04EC0-301F-11D3-BF4B-00C04F79EFBC}") = "NewsSite.WebApplication.Tests", "NewsSite.WebApplication.Tests\NewsSite.WebApplication.Tests.csproj", "{3CDB1A25-DCDF-48BC-B8F1-DBD3948E4EDC}"
EndProject
Project("{FAE04EC0-301F-11D3-BF4B-00C04F79EFBC}") = "NewsSite.WebAPI", "NewsSite.WebAPI\NewsSite.WebAPI.csproj", "{DB532098-9CBE-4E58-A833-468AB43BA3FA}"
EndProject
Global
	GlobalSection(SolutionConfigurationPlatforms) = preSolution
		Debug|Any CPU = Debug|Any CPU
		Release|Any CPU = Release|Any CPU
	EndGlobalSection
	GlobalSection(ProjectConfigurationPlatforms) = postSolution
		{8482EF8F-59E4-4D6A-A123-8F9BABBFFAA3}.Debug|Any CPU.ActiveCfg = Debug|Any CPU
		{8482EF8F-59E4-4D6A-A123-8F9BABBFFAA3}.Debug|Any CPU.Build.0 = Debug|Any CPU
		{8482EF8F-59E4-4D6A-A123-8F9BABBFFAA3}.Release|Any CPU.ActiveCfg = Release|Any CPU
		{8482EF8F-59E4-4D6A-A123-8F9BABBFFAA3}.Release|Any CPU.Build.0 = Release|Any CPU
		{EBC9B843-7305-4106-A13F-E940042A5472}.Debug|Any CPU.ActiveCfg = Debug|Any CPU
		{EBC9B843-7305-4106-A13F-E940042A5472}.Debug|Any CPU.Build.0 = Debug|Any CPU
		{EBC9B843-7305-4106-A13F-E940042A5472}.Release|Any CPU.ActiveCfg = Release|Any CPU
		{EBC9B843-7305-4106-A13F-E940042A5472}.Release|Any CPU.Build.0 = Release|Any CPU
		{A7301262-265A-4C52-A890-27DD2B92B79B}.Debug|Any CPU.ActiveCfg = Debug|Any CPU
		{A7301262-265A-4C52-A890-27DD2B92B79B}.Debug|Any CPU.Build.0 = Debug|Any CPU
		{A7301262-265A-4C52-A890-27DD2B92B79B}.Release|Any CPU.ActiveCfg = Release|Any CPU
		{A7301262-265A-4C52-A890-27DD2B92B79B}.Release|Any CPU.Build.0 = Release|Any CPU
		{CA3DEAA9-F005-4A8E-82F0-D756232ECB16}.Debug|Any CPU.ActiveCfg = Debug|Any CPU
		{CA3DEAA9-F005-4A8E-82F0-D756232ECB16}.Debug|Any CPU.Build.0 = Debug|Any CPU
		{CA3DEAA9-F005-4A8E-82F0-D756232ECB16}.Release|Any CPU.ActiveCfg = Release|Any CPU
		{CA3DEAA9-F005-4A8E-82F0-D756232ECB16}.Release|Any CPU.Build.0 = Release|Any CPU
		{7030CFCA-3216-46C7-AAF7-F0A9D5A3A973}.Debug|Any CPU.ActiveCfg = Debug|Any CPU
		{7030CFCA-3216-46C7-AAF7-F0A9D5A3A973}.Debug|Any CPU.Build.0 = Debug|Any CPU
		{7030CFCA-3216-46C7-AAF7-F0A9D5A3A973}.Release|Any CPU.ActiveCfg = Release|Any CPU
		{7030CFCA-3216-46C7-AAF7-F0A9D5A3A973}.Release|Any CPU.Build.0 = Release|Any CPU
		{08003D4F-8A51-4FCB-BD51-C6A20EC8F276}.Debug|Any CPU.ActiveCfg = Debug|Any CPU
		{08003D4F-8A51-4FCB-BD51-C6A20EC8F276}.Debug|Any CPU.Build.0 = Debug|Any CPU
		{08003D4F-8A51-4FCB-BD51-C6A20EC8F276}.Release|Any CPU.ActiveCfg = Release|Any CPU
		{08003D4F-8A51-4FCB-BD51-C6A20EC8F276}.Release|Any CPU.Build.0 = Release|Any CPU
		{3CDB1A25-DCDF-48BC-B8F1-DBD3948E4EDC}.Debug|Any CPU.ActiveCfg = Debug|Any CPU
		{3CDB1A25-DCDF-48BC-B8F1-DBD3948E4EDC}.Debug|Any CPU.Build.0 = Debug|Any CPU
		{3CDB1A25-DCDF-48BC-B8F1-DBD3948E4EDC}.Release|Any CPU.ActiveCfg = Release|Any CPU
		{3CDB1A25-DCDF-48BC-B8F1-DBD3948E4EDC}.Release|Any CPU.Build.0 = Release|Any CPU
		{DB532098-9CBE-4E58-A833-468AB43BA3FA}.Debug|Any CPU.ActiveCfg = Debug|Any CPU
		{DB532098-9CBE-4E58-A833-468AB43BA3FA}.Debug|Any CPU.Build.0 = Debug|Any CPU
		{DB532098-9CBE-4E58-A833-468AB43BA3FA}.Release|Any CPU.ActiveCfg = Release|Any CPU
		{DB532098-9CBE-4E58-A833-468AB43BA3FA}.Release|Any CPU.Build.0 = Release|Any CPU
	EndGlobalSection
	GlobalSection(SolutionProperties) = preSolution
		HideSolutionNode = FALSE
	EndGlobalSection
EndGlobal
